
Microsoft Visual Studio Solution File, Format Version 12.00
# Visual Studio Version 17
VisualStudioVersion = 17.13.35825.156 d17.13
MinimumVisualStudioVersion = 10.0.40219.1
Project("{FAE04EC0-301F-11D3-BF4B-00C04F79EFBC}") = "NFLTeamStats", "NFLTeamStats\NFLTeamStats.csproj", "{81391B89-DAAB-4C04-9BFF-8386417C4B5D}"
EndProject
Global
	GlobalSection(SolutionConfigurationPlatforms) = preSolution
		Debug|Any CPU = Debug|Any CPU
		Release|Any CPU = Release|Any CPU
	EndGlobalSection
	GlobalSection(ProjectConfigurationPlatforms) = postSolution
		{81391B89-DAAB-4C04-9BFF-8386417C4B5D}.Debug|Any CPU.ActiveCfg = Debug|Any CPU
		{81391B89-DAAB-4C04-9BFF-8386417C4B5D}.Debug|Any CPU.Build.0 = Debug|Any CPU
		{81391B89-DAAB-4C04-9BFF-8386417C4B5D}.Release|Any CPU.ActiveCfg = Release|Any CPU
		{81391B89-DAAB-4C04-9BFF-8386417C4B5D}.Release|Any CPU.Build.0 = Release|Any CPU
	EndGlobalSection
	GlobalSection(SolutionProperties) = preSolution
		HideSolutionNode = FALSE
	EndGlobalSection
	GlobalSection(ExtensibilityGlobals) = postSolution
		SolutionGuid = {64E1798C-FD04-4032-88EB-D31407271328}
	EndGlobalSection
EndGlobal
